{
  "name": "com.example.hello",
  "version": "1.0.0",
  "lockfileVersion": 1,
  "requires": true,
  "dependencies": {
    "abbrev": {
      "version": "https://registry.npmjs.org/abbrev/-/abbrev-1.1.1.tgz",
      "integrity": "sha1-+PLIh60Qv2f2NPAFtph/7TF5qsg="
    },
    "android-versions": {
      "version": "https://registry.npmjs.org/android-versions/-/android-versions-1.4.0.tgz",
      "integrity": "sha1-gH6ilB1+V4Dm3WHF2be288Bwbgk=",
      "requires": {
        "semver": "https://registry.npmjs.org/semver/-/semver-5.7.0.tgz"
      }
    },
    "ansi": {
      "version": "https://registry.npmjs.org/ansi/-/ansi-0.3.1.tgz",
      "integrity": "sha1-DELU+xcWDVqa8eSEus4cZpIsGyE="
    },
    "balanced-match": {
      "version": "https://registry.npmjs.org/balanced-match/-/balanced-match-1.0.0.tgz",
      "integrity": "sha1-ibTRmasr7kneFk6gK4nORi1xt2c="
    },
    "base64-js": {
      "version": "https://registry.npmjs.org/base64-js/-/base64-js-1.3.0.tgz",
      "integrity": "sha1-yrHmEY8FEJXli1KBrqjBzSK/wOM="
    },
    "big-integer": {
      "version": "https://registry.npmjs.org/big-integer/-/big-integer-1.6.44.tgz",
      "integrity": "sha1-TumuX1g5/BGt4zj+oha0UTRUpTk="
    },
    "bplist-creator": {
      "version": "https://registry.npmjs.org/bplist-creator/-/bplist-creator-0.0.7.tgz",
      "integrity": "sha1-N98VNgkoJLh8QvlXsBNEEXNyrkU=",
      "requires": {
        "stream-buffers": "https://registry.npmjs.org/stream-buffers/-/stream-buffers-2.2.0.tgz"
      }
    },
    "bplist-parser": {
      "version": "https://registry.npmjs.org/bplist-parser/-/bplist-parser-0.1.1.tgz",
      "integrity": "sha1-1g1dzCDLptx+HymbNdPh+V2vuuY=",
      "requires": {
        "big-integer": "https://registry.npmjs.org/big-integer/-/big-integer-1.6.44.tgz"
      }
    },
    "brace-expansion": {
      "version": "https://registry.npmjs.org/brace-expansion/-/brace-expansion-1.1.11.tgz",
      "integrity": "sha1-PH/L9SnYcibz0vUrlm/1Jx60Qd0=",
      "requires": {
        "balanced-match": "https://registry.npmjs.org/balanced-match/-/balanced-match-1.0.0.tgz",
        "concat-map": "https://registry.npmjs.org/concat-map/-/concat-map-0.0.1.tgz"
      }
    },
    "concat-map": {
      "version": "https://registry.npmjs.org/concat-map/-/concat-map-0.0.1.tgz",
      "integrity": "sha1-2Klr13/Wjfd5OnMDajug1UBdR3s="
    },
    "cordova-android": {
      "version": "https://registry.npmjs.org/cordova-android/-/cordova-android-8.0.0.tgz",
      "integrity": "sha1-H74FqRRzHfYZUiuThdTRsYPDa9s=",
      "requires": {
        "android-versions": "https://registry.npmjs.org/android-versions/-/android-versions-1.4.0.tgz",
        "cordova-common": "https://registry.npmjs.org/cordova-common/-/cordova-common-3.2.0.tgz",
        "elementtree": "https://registry.npmjs.org/elementtree/-/elementtree-0.1.7.tgz",
        "nopt": "https://registry.npmjs.org/nopt/-/nopt-4.0.1.tgz",
        "properties-parser": "https://registry.npmjs.org/properties-parser/-/properties-parser-0.3.1.tgz",
        "q": "https://registry.npmjs.org/q/-/q-1.5.1.tgz",
        "shelljs": "https://registry.npmjs.org/shelljs/-/shelljs-0.5.3.tgz"
      }
    },
    "cordova-common": {
      "version": "https://registry.npmjs.org/cordova-common/-/cordova-common-3.2.0.tgz",
      "integrity": "sha1-mlySFfgX16CPvQFL+WPFROH+tnE=",
      "requires": {
        "ansi": "https://registry.npmjs.org/ansi/-/ansi-0.3.1.tgz",
        "bplist-parser": "https://registry.npmjs.org/bplist-parser/-/bplist-parser-0.1.1.tgz",
        "cross-spawn": "https://registry.npmjs.org/cross-spawn/-/cross-spawn-6.0.5.tgz",
        "elementtree": "https://registry.npmjs.org/elementtree/-/elementtree-0.1.7.tgz",
        "endent": "https://registry.npmjs.org/endent/-/endent-1.3.0.tgz",
        "fs-extra": "https://registry.npmjs.org/fs-extra/-/fs-extra-8.1.0.tgz",
        "glob": "https://registry.npmjs.org/glob/-/glob-7.1.4.tgz",
        "minimatch": "https://registry.npmjs.org/minimatch/-/minimatch-3.0.4.tgz",
        "plist": "https://registry.npmjs.org/plist/-/plist-3.0.1.tgz",
        "q": "https://registry.npmjs.org/q/-/q-1.5.1.tgz",
        "strip-bom": "https://registry.npmjs.org/strip-bom/-/strip-bom-3.0.0.tgz",
        "underscore": "https://registry.npmjs.org/underscore/-/underscore-1.9.1.tgz",
        "which": "https://registry.npmjs.org/which/-/which-1.3.1.tgz"
      }
    },
    "cordova-ios": {
      "version": "https://registry.npmjs.org/cordova-ios/-/cordova-ios-5.0.1.tgz",
      "integrity": "sha1-juMCgMR/Kcw+hxYWepzjPLr53r0=",
      "requires": {
        "cordova-common": "https://registry.npmjs.org/cordova-common/-/cordova-common-3.2.0.tgz",
        "ios-sim": "https://registry.npmjs.org/ios-sim/-/ios-sim-8.0.1.tgz",
        "nopt": "https://registry.npmjs.org/nopt/-/nopt-4.0.1.tgz",
        "plist": "https://registry.npmjs.org/plist/-/plist-3.0.1.tgz",
        "q": "https://registry.npmjs.org/q/-/q-1.5.1.tgz",
        "shelljs": "https://registry.npmjs.org/shelljs/-/shelljs-0.5.3.tgz",
        "unorm": "https://registry.npmjs.org/unorm/-/unorm-1.6.0.tgz",
        "xcode": "https://registry.npmjs.org/xcode/-/xcode-2.0.0.tgz",
        "xml-escape": "https://registry.npmjs.org/xml-escape/-/xml-escape-1.1.0.tgz"
      }
    },
    "cordova-plugin-whitelist": {
      "version": "https://registry.npmjs.org/cordova-plugin-whitelist/-/cordova-plugin-whitelist-1.3.4.tgz",
      "integrity": "sha1-MZOFRcfD5941wgqwjCw6+gboo/k="
    },
    "cross-spawn": {
      "version": "https://registry.npmjs.org/cross-spawn/-/cross-spawn-6.0.5.tgz",
      "integrity": "sha1-Sl7Hxk364iw6FBJNus3uhG2Ay8Q=",
      "requires": {
        "nice-try": "https://registry.npmjs.org/nice-try/-/nice-try-1.0.5.tgz",
        "path-key": "https://registry.npmjs.org/path-key/-/path-key-2.0.1.tgz",
        "semver": "https://registry.npmjs.org/semver/-/semver-5.7.0.tgz",
        "shebang-command": "https://registry.npmjs.org/shebang-command/-/shebang-command-1.2.0.tgz",
        "which": "https://registry.npmjs.org/which/-/which-1.3.1.tgz"
      }
    },
    "dedent": {
      "version": "https://registry.npmjs.org/dedent/-/dedent-0.7.0.tgz",
      "integrity": "sha1-JJXduvbrh0q7Dhvp3yLS5aVEMmw="
    },
    "deep-equal": {
      "version": "https://registry.npmjs.org/deep-equal/-/deep-equal-1.0.1.tgz",
      "integrity": "sha1-9dJgKStmDghO/0zbyfCK0yR0SLU="
    },
    "define-properties": {
      "version": "https://registry.npmjs.org/define-properties/-/define-properties-1.1.3.tgz",
      "integrity": "sha1-z4jabL7ib+bbcJT2HYcMvYTO6fE=",
      "requires": {
        "object-keys": "https://registry.npmjs.org/object-keys/-/object-keys-1.1.1.tgz"
      }
    },
    "defined": {
      "version": "https://registry.npmjs.org/defined/-/defined-1.0.0.tgz",
      "integrity": "sha1-yY2bzvdWdBiOEQlpFRGZ45sfppM="
    },
    "elementtree": {
      "version": "https://registry.npmjs.org/elementtree/-/elementtree-0.1.7.tgz",
      "integrity": "sha1-mskb5uUvtuYkTE5UpKw+2K6OKcA=",
      "requires": {
        "sax": "https://registry.npmjs.org/sax/-/sax-1.1.4.tgz"
      }
    },
    "endent": {
      "version": "https://registry.npmjs.org/endent/-/endent-1.3.0.tgz",
      "integrity": "sha1-6oa1g9e3yv9cvuWtLHwyLrGQDHY=",
      "requires": {
        "dedent": "https://registry.npmjs.org/dedent/-/dedent-0.7.0.tgz",
        "fast-json-parse": "https://registry.npmjs.org/fast-json-parse/-/fast-json-parse-1.0.3.tgz",
        "objectorarray": "https://registry.npmjs.org/objectorarray/-/objectorarray-1.0.3.tgz"
      }
    },
    "es-abstract": {
      "version": "https://registry.npmjs.org/es-abstract/-/es-abstract-1.13.0.tgz",
      "integrity": "sha1-rIYUX91QmdjdSVWMy6Lq+biOJOk=",
      "requires": {
        "es-to-primitive": "https://registry.npmjs.org/es-to-primitive/-/es-to-primitive-1.2.0.tgz",
        "function-bind": "https://registry.npmjs.org/function-bind/-/function-bind-1.1.1.tgz",
        "has": "https://registry.npmjs.org/has/-/has-1.0.3.tgz",
        "is-callable": "https://registry.npmjs.org/is-callable/-/is-callable-1.1.4.tgz",
        "is-regex": "https://registry.npmjs.org/is-regex/-/is-regex-1.0.4.tgz",
        "object-keys": "https://registry.npmjs.org/object-keys/-/object-keys-1.1.1.tgz"
      }
    },
    "es-to-primitive": {
      "version": "https://registry.npmjs.org/es-to-primitive/-/es-to-primitive-1.2.0.tgz",
      "integrity": "sha1-7fckeAM0VujdqO8J4ArZZQcH83c=",
      "requires": {
        "is-callable": "https://registry.npmjs.org/is-callable/-/is-callable-1.1.4.tgz",
        "is-date-object": "https://registry.npmjs.org/is-date-object/-/is-date-object-1.0.1.tgz",
        "is-symbol": "https://registry.npmjs.org/is-symbol/-/is-symbol-1.0.2.tgz"
      }
    },
    "fast-json-parse": {
      "version": "https://registry.npmjs.org/fast-json-parse/-/fast-json-parse-1.0.3.tgz",
      "integrity": "sha1-Q+XGHuTvqSZWMwRrdw+2gqdXfE0="
    },
    "for-each": {
      "version": "https://registry.npmjs.org/for-each/-/for-each-0.3.3.tgz",
      "integrity": "sha1-abRH6IoKXTLD5whPPxcQA0shN24=",
      "requires": {
        "is-callable": "https://registry.npmjs.org/is-callable/-/is-callable-1.1.4.tgz"
      }
    },
    "fs-extra": {
      "version": "https://registry.npmjs.org/fs-extra/-/fs-extra-8.1.0.tgz",
      "integrity": "sha1-SdQ8RaiM2Wd2aMt74bRu/bjS4cA=",
      "requires": {
        "graceful-fs": "https://registry.npmjs.org/graceful-fs/-/graceful-fs-4.2.0.tgz",
        "jsonfile": "https://registry.npmjs.org/jsonfile/-/jsonfile-4.0.0.tgz",
        "universalify": "https://registry.npmjs.org/universalify/-/universalify-0.1.2.tgz"
      }
    },
    "fs.realpath": {
      "version": "https://registry.npmjs.org/fs.realpath/-/fs.realpath-1.0.0.tgz",
      "integrity": "sha1-FQStJSMVjKpA20onh8sBQRmU6k8="
    },
    "function-bind": {
      "version": "https://registry.npmjs.org/function-bind/-/function-bind-1.1.1.tgz",
      "integrity": "sha1-pWiZ0+o8m6uHS7l3O3xe3pL0iV0="
    },
    "glob": {
      "version": "https://registry.npmjs.org/glob/-/glob-7.1.4.tgz",
      "integrity": "sha1-qmCKL2xXetNX4a5aXCbZqNGWklU=",
      "requires": {
        "fs.realpath": "https://registry.npmjs.org/fs.realpath/-/fs.realpath-1.0.0.tgz",
        "inflight": "https://registry.npmjs.org/inflight/-/inflight-1.0.6.tgz",
        "inherits": "https://registry.npmjs.org/inherits/-/inherits-2.0.4.tgz",
        "minimatch": "https://registry.npmjs.org/minimatch/-/minimatch-3.0.4.tgz",
        "once": "https://registry.npmjs.org/once/-/once-1.4.0.tgz",
        "path-is-absolute": "https://registry.npmjs.org/path-is-absolute/-/path-is-absolute-1.0.1.tgz"
      }
    },
    "graceful-fs": {
      "version": "https://registry.npmjs.org/graceful-fs/-/graceful-fs-4.2.0.tgz",
      "integrity": "sha1-jY/cc5d8sEEEchy1NmbBymTNMos="
    },
    "has": {
      "version": "https://registry.npmjs.org/has/-/has-1.0.3.tgz",
      "integrity": "sha1-ci18v8H2qoJB8W3YFOAR4fQeh5Y=",
      "requires": {
        "function-bind": "https://registry.npmjs.org/function-bind/-/function-bind-1.1.1.tgz"
      }
    },
    "has-symbols": {
      "version": "https://registry.npmjs.org/has-symbols/-/has-symbols-1.0.0.tgz",
      "integrity": "sha1-uhqPGvKg/DllD1yFA2dwQSIGO0Q="
    },
    "inflight": {
      "version": "https://registry.npmjs.org/inflight/-/inflight-1.0.6.tgz",
      "integrity": "sha1-Sb1jMdfQLQwJvJEKEHW6gWW1bfk=",
      "requires": {
        "once": "https://registry.npmjs.org/once/-/once-1.4.0.tgz",
        "wrappy": "https://registry.npmjs.org/wrappy/-/wrappy-1.0.2.tgz"
      }
    },
    "inherits": {
      "version": "https://registry.npmjs.org/inherits/-/inherits-2.0.4.tgz",
      "integrity": "sha1-D6LGT5MpF8NDOg3tVTY6rjdBa3w="
    },
    "ios-sim": {
      "version": "https://registry.npmjs.org/ios-sim/-/ios-sim-8.0.1.tgz",
      "integrity": "sha1-t0+8RmAal3P+6QQX11OWTAjg6Z0=",
      "requires": {
        "bplist-parser": "https://registry.npmjs.org/bplist-parser/-/bplist-parser-0.0.6.tgz",
        "nopt": "https://registry.npmjs.org/nopt/-/nopt-1.0.9.tgz",
        "plist": "https://registry.npmjs.org/plist/-/plist-3.0.1.tgz",
        "simctl": "https://registry.npmjs.org/simctl/-/simctl-2.0.0.tgz"
      },
      "dependencies": {
        "bplist-parser": {
          "version": "https://registry.npmjs.org/bplist-parser/-/bplist-parser-0.0.6.tgz",
          "integrity": "sha1-ONo0cYF9+dRKs4kuJ3B7u9daEbk="
        },
        "nopt": {
          "version": "https://registry.npmjs.org/nopt/-/nopt-1.0.9.tgz",
          "integrity": "sha1-O8DXy6e/sNWmdtvtfA6+SKT9RU4=",
          "requires": {
            "abbrev": "https://registry.npmjs.org/abbrev/-/abbrev-1.1.1.tgz"
          }
        }
      }
    },
    "is-callable": {
      "version": "https://registry.npmjs.org/is-callable/-/is-callable-1.1.4.tgz",
      "integrity": "sha1-HhrfIZ4e62hNaR+dagX/DTCiTXU="
    },
    "is-date-object": {
      "version": "https://registry.npmjs.org/is-date-object/-/is-date-object-1.0.1.tgz",
      "integrity": "sha1-mqIOtq7rv/d/vTPnTKAbM1gdOhY="
    },
    "is-regex": {
      "version": "https://registry.npmjs.org/is-regex/-/is-regex-1.0.4.tgz",
      "integrity": "sha1-VRdIm1RwkbCTDglWVM7SXul+lJE=",
      "requires": {
        "has": "https://registry.npmjs.org/has/-/has-1.0.3.tgz"
      }
    },
    "is-symbol": {
      "version": "https://registry.npmjs.org/is-symbol/-/is-symbol-1.0.2.tgz",
      "integrity": "sha1-oFX2rlcZLK7jKeeoYBGLSXqVDzg=",
      "requires": {
        "has-symbols": "https://registry.npmjs.org/has-symbols/-/has-symbols-1.0.0.tgz"
      }
    },
    "isexe": {
      "version": "https://registry.npmjs.org/isexe/-/isexe-2.0.0.tgz",
      "integrity": "sha1-6PvzdNxVb/iUehDcsFctYz8s+hA="
    },
    "jsonfile": {
      "version": "https://registry.npmjs.org/jsonfile/-/jsonfile-4.0.0.tgz",
      "integrity": "sha1-h3Gq4HmbZAdrdmQPygWPnBDjPss=",
      "requires": {
        "graceful-fs": "https://registry.npmjs.org/graceful-fs/-/graceful-fs-4.2.0.tgz"
      }
    },
    "minimatch": {
      "version": "https://registry.npmjs.org/minimatch/-/minimatch-3.0.4.tgz",
      "integrity": "sha1-UWbihkV/AzBgZL5Ul+jbsMPTIIM=",
      "requires": {
        "brace-expansion": "https://registry.npmjs.org/brace-expansion/-/brace-expansion-1.1.11.tgz"
      }
    },
    "minimist": {
      "version": "https://registry.npmjs.org/minimist/-/minimist-1.2.0.tgz",
      "integrity": "sha1-o1AIsg9BOD7sH7kU9M1d95omQoQ="
    },
    "nice-try": {
      "version": "https://registry.npmjs.org/nice-try/-/nice-try-1.0.5.tgz",
      "integrity": "sha1-ozeKdpbOfSI+iPybdkvX7xCJ42Y="
    },
    "nopt": {
      "version": "https://registry.npmjs.org/nopt/-/nopt-4.0.1.tgz",
      "integrity": "sha1-0NRoWv1UFRk8jHUFYC0NF81kR00=",
      "requires": {
        "abbrev": "https://registry.npmjs.org/abbrev/-/abbrev-1.1.1.tgz",
        "osenv": "https://registry.npmjs.org/osenv/-/osenv-0.1.5.tgz"
      }
    },
    "object-inspect": {
      "version": "https://registry.npmjs.org/object-inspect/-/object-inspect-1.6.0.tgz",
      "integrity": "sha1-xwtsv3LydKq0w0wMgvUWe/gs8Vs="
    },
    "object-keys": {
      "version": "https://registry.npmjs.org/object-keys/-/object-keys-1.1.1.tgz",
      "integrity": "sha1-HEfyct8nfzsdrwYWd9nILiMixg4="
    },
    "objectorarray": {
      "version": "https://registry.npmjs.org/objectorarray/-/objectorarray-1.0.3.tgz",
      "integrity": "sha1-0qLekJfAakjX13Jk/XFAZRnnx3I=",
      "requires": {
        "tape": "https://registry.npmjs.org/tape/-/tape-4.11.0.tgz"
      }
    },
    "once": {
      "version": "https://registry.npmjs.org/once/-/once-1.4.0.tgz",
      "integrity": "sha1-WDsap3WWHUsROsF9nFC6753Xa9E=",
      "requires": {
        "wrappy": "https://registry.npmjs.org/wrappy/-/wrappy-1.0.2.tgz"
      }
    },
    "os-homedir": {
      "version": "https://registry.npmjs.org/os-homedir/-/os-homedir-1.0.2.tgz",
      "integrity": "sha1-/7xJiDNuDoM94MFox+8VISGqf7M="
    },
    "os-tmpdir": {
      "version": "https://registry.npmjs.org/os-tmpdir/-/os-tmpdir-1.0.2.tgz",
      "integrity": "sha1-u+Z0BseaqFxc/sdm/lc0VV36EnQ="
    },
    "osenv": {
      "version": "https://registry.npmjs.org/osenv/-/osenv-0.1.5.tgz",
      "integrity": "sha1-hc36+uso6Gd/QW4odZK18/SepBA=",
      "requires": {
        "os-homedir": "https://registry.npmjs.org/os-homedir/-/os-homedir-1.0.2.tgz",
        "os-tmpdir": "https://registry.npmjs.org/os-tmpdir/-/os-tmpdir-1.0.2.tgz"
      }
    },
    "path-is-absolute": {
      "version": "https://registry.npmjs.org/path-is-absolute/-/path-is-absolute-1.0.1.tgz",
      "integrity": "sha1-F0uSaHNVNP+8es5r9TpanhtcX18="
    },
    "path-key": {
      "version": "https://registry.npmjs.org/path-key/-/path-key-2.0.1.tgz",
      "integrity": "sha1-QRyttXTFoUDTpLGRDUDYDMn0C0A="
    },
    "path-parse": {
      "version": "https://registry.npmjs.org/path-parse/-/path-parse-1.0.6.tgz",
      "integrity": "sha1-1i27VnlAXXLEc37FhgDp3c8G0kw="
    },
    "plist": {
      "version": "https://registry.npmjs.org/plist/-/plist-3.0.1.tgz",
      "integrity": "sha1-qbkx0XwwTokS7wujvdYYK68uH4w=",
      "requires": {
        "base64-js": "https://registry.npmjs.org/base64-js/-/base64-js-1.3.0.tgz",
        "xmlbuilder": "https://registry.npmjs.org/xmlbuilder/-/xmlbuilder-9.0.7.tgz",
        "xmldom": "https://registry.npmjs.org/xmldom/-/xmldom-0.1.27.tgz"
      }
    },
    "properties-parser": {
      "version": "https://registry.npmjs.org/properties-parser/-/properties-parser-0.3.1.tgz",
      "integrity": "sha1-ExbpU5/7/ZOEXjabIRAiq9R4dxo=",
      "requires": {
        "string.prototype.codepointat": "https://registry.npmjs.org/string.prototype.codepointat/-/string.prototype.codepointat-0.2.1.tgz"
      }
    },
    "q": {
      "version": "https://registry.npmjs.org/q/-/q-1.5.1.tgz",
      "integrity": "sha1-fjL3W0E4EpHQRhHxvxQQmsAGUdc="
    },
    "resolve": {
      "version": "https://registry.npmjs.org/resolve/-/resolve-1.11.1.tgz",
      "integrity": "sha1-6hDYEQN2mC/vV434/DC5rDCgej4=",
      "requires": {
        "path-parse": "https://registry.npmjs.org/path-parse/-/path-parse-1.0.6.tgz"
      }
    },
    "resumer": {
      "version": "https://registry.npmjs.org/resumer/-/resumer-0.0.0.tgz",
      "integrity": "sha1-8ej0YeQGS6Oegq883CqMiT0HZ1k=",
      "requires": {
        "through": "https://registry.npmjs.org/through/-/through-2.3.8.tgz"
      }
    },
    "sax": {
      "version": "https://registry.npmjs.org/sax/-/sax-1.1.4.tgz",
      "integrity": "sha1-dLbTPJrh4AFRDxeakRaFiPGu2qk="
    },
    "semver": {
      "version": "https://registry.npmjs.org/semver/-/semver-5.7.0.tgz",
      "integrity": "sha1-eQp89v6lRZuslhELKbYEEtyP+Ws="
    },
    "shebang-command": {
      "version": "https://registry.npmjs.org/shebang-command/-/shebang-command-1.2.0.tgz",
      "integrity": "sha1-RKrGW2lbAzmJaMOfNj/uXer98eo=",
      "requires": {
        "shebang-regex": "https://registry.npmjs.org/shebang-regex/-/shebang-regex-1.0.0.tgz"
      }
    },
    "shebang-regex": {
      "version": "https://registry.npmjs.org/shebang-regex/-/shebang-regex-1.0.0.tgz",
      "integrity": "sha1-2kL0l0DAtC2yypcoVxyxkMmO/qM="
    },
    "shelljs": {
      "version": "https://registry.npmjs.org/shelljs/-/shelljs-0.5.3.tgz",
      "integrity": "sha1-xUmCuZbHbvDB5rWfvcWCX1txMRM="
    },
    "simctl": {
      "version": "https://registry.npmjs.org/simctl/-/simctl-2.0.0.tgz",
      "integrity": "sha1-4/HGkIc1lp4j4JIrDLEWGEPdDFk=",
      "requires": {
        "shelljs": "https://registry.npmjs.org/shelljs/-/shelljs-0.2.6.tgz",
        "tail": "https://registry.npmjs.org/tail/-/tail-0.4.0.tgz"
      },
      "dependencies": {
        "shelljs": {
          "version": "https://registry.npmjs.org/shelljs/-/shelljs-0.2.6.tgz",
          "integrity": "sha1-kEktcv/MgVmXa6umL7D2iE8MM3g="
        }
      }
    },
    "simple-plist": {
      "version": "https://registry.npmjs.org/simple-plist/-/simple-plist-1.0.0.tgz",
      "integrity": "sha1-vtMIVjOyLzceER9F0VmhzPlLges=",
      "requires": {
        "bplist-creator": "https://registry.npmjs.org/bplist-creator/-/bplist-creator-0.0.7.tgz",
        "bplist-parser": "https://registry.npmjs.org/bplist-parser/-/bplist-parser-0.1.1.tgz",
        "plist": "https://registry.npmjs.org/plist/-/plist-3.0.1.tgz"
      }
    },
    "stream-buffers": {
      "version": "https://registry.npmjs.org/stream-buffers/-/stream-buffers-2.2.0.tgz",
      "integrity": "sha1-kdX1Ew0c75bc+n9yaUUYh0HQnuQ="
    },
    "string.prototype.codepointat": {
      "version": "https://registry.npmjs.org/string.prototype.codepointat/-/string.prototype.codepointat-0.2.1.tgz",
      "integrity": "sha1-AErUTIr8cnUnsQjNRitNlxzUabw="
    },
    "string.prototype.trim": {
      "version": "https://registry.npmjs.org/string.prototype.trim/-/string.prototype.trim-1.1.2.tgz",
      "integrity": "sha1-0E3iyJ4Tf019IG8Ia17S+ua+jOo=",
      "requires": {
        "define-properties": "https://registry.npmjs.org/define-properties/-/define-properties-1.1.3.tgz",
        "es-abstract": "https://registry.npmjs.org/es-abstract/-/es-abstract-1.13.0.tgz",
        "function-bind": "https://registry.npmjs.org/function-bind/-/function-bind-1.1.1.tgz"
      }
    },
    "strip-bom": {
      "version": "https://registry.npmjs.org/strip-bom/-/strip-bom-3.0.0.tgz",
      "integrity": "sha1-IzTBjpx1n3vdVv3vfprj1YjmjtM="
    },
    "tail": {
      "version": "https://registry.npmjs.org/tail/-/tail-0.4.0.tgz",
      "integrity": "sha1-0p3nJ1DMmdseBTr/E8NZ7PtxMAI="
    },
    "tape": {
      "version": "https://registry.npmjs.org/tape/-/tape-4.11.0.tgz",
      "integrity": "sha1-Y9QazNleRaI6h0RzBRxX/bxY7cE=",
      "requires": {
        "deep-equal": "https://registry.npmjs.org/deep-equal/-/deep-equal-1.0.1.tgz",
        "defined": "https://registry.npmjs.org/defined/-/defined-1.0.0.tgz",
        "for-each": "https://registry.npmjs.org/for-each/-/for-each-0.3.3.tgz",
        "function-bind": "https://registry.npmjs.org/function-bind/-/function-bind-1.1.1.tgz",
        "glob": "https://registry.npmjs.org/glob/-/glob-7.1.4.tgz",
        "has": "https://registry.npmjs.org/has/-/has-1.0.3.tgz",
        "inherits": "https://registry.npmjs.org/inherits/-/inherits-2.0.4.tgz",
        "minimist": "https://registry.npmjs.org/minimist/-/minimist-1.2.0.tgz",
        "object-inspect": "https://registry.npmjs.org/object-inspect/-/object-inspect-1.6.0.tgz",
        "resolve": "https://registry.npmjs.org/resolve/-/resolve-1.11.1.tgz",
        "resumer": "https://registry.npmjs.org/resumer/-/resumer-0.0.0.tgz",
        "string.prototype.trim": "https://registry.npmjs.org/string.prototype.trim/-/string.prototype.trim-1.1.2.tgz",
        "through": "https://registry.npmjs.org/through/-/through-2.3.8.tgz"
      }
    },
    "through": {
      "version": "https://registry.npmjs.org/through/-/through-2.3.8.tgz",
      "integrity": "sha1-DdTJ/6q8NXlgsbckEV1+Doai4fU="
    },
    "underscore": {
      "version": "https://registry.npmjs.org/underscore/-/underscore-1.9.1.tgz",
      "integrity": "sha1-BtzjSg5op7q8KbNluOdLiSUgOWE="
    },
    "universalify": {
      "version": "https://registry.npmjs.org/universalify/-/universalify-0.1.2.tgz",
      "integrity": "sha1-tkb2m+OULavOzJ1mOcgNwQXvqmY="
    },
    "unorm": {
      "version": "https://registry.npmjs.org/unorm/-/unorm-1.6.0.tgz",
      "integrity": "sha1-ApsolmH7pxTxqa9DnrUdmxbCBa8="
    },
    "uuid": {
      "version": "https://registry.npmjs.org/uuid/-/uuid-3.3.2.tgz",
      "integrity": "sha1-G0r0lV6zB3xQHCOHL8ZROBFYcTE="
    },
    "which": {
      "version": "https://registry.npmjs.org/which/-/which-1.3.1.tgz",
      "integrity": "sha1-pFBD1U9YBTFtqNYvn1CRjT2nCwo=",
      "requires": {
        "isexe": "https://registry.npmjs.org/isexe/-/isexe-2.0.0.tgz"
      }
    },
    "wrappy": {
      "version": "https://registry.npmjs.org/wrappy/-/wrappy-1.0.2.tgz",
      "integrity": "sha1-tSQ9jz7BqjXxNkYFvA0QNuMKtp8="
    },
    "xcode": {
      "version": "https://registry.npmjs.org/xcode/-/xcode-2.0.0.tgz",
      "integrity": "sha1-E08flMJvv+ipqqlyS/snckGdoaI=",
      "requires": {
        "simple-plist": "https://registry.npmjs.org/simple-plist/-/simple-plist-1.0.0.tgz",
        "uuid": "https://registry.npmjs.org/uuid/-/uuid-3.3.2.tgz"
      }
    },
    "xml-escape": {
      "version": "https://registry.npmjs.org/xml-escape/-/xml-escape-1.1.0.tgz",
      "integrity": "sha1-OQTBQ/qOs6ADDsZG0pAqLxtwbEQ="
    },
    "xmlbuilder": {
      "version": "https://registry.npmjs.org/xmlbuilder/-/xmlbuilder-9.0.7.tgz",
      "integrity": "sha1-Ey7mPS7FVlxVfiD0wi35rKaGsQ0="
    },
    "xmldom": {
      "version": "https://registry.npmjs.org/xmldom/-/xmldom-0.1.27.tgz",
      "integrity": "sha1-1QH5ezvbQDr4757MIFcxh6rawOk="
    }
  }
}
